{
  "name": "be-consensual",
  "version": "0.0.0",
  "lockfileVersion": 2,
  "requires": true,
  "packages": {
    "": {
      "name": "be-consensual",
      "version": "0.0.0",
      "license": "MIT",
      "dependencies": {
        "be-decorated": "0.0.62"
      }
    },
    "node_modules/be-decorated": {
      "version": "0.0.62",
      "resolved": "https://registry.npmjs.org/be-decorated/-/be-decorated-0.0.62.tgz",
      "integrity": "sha512-ZM8+RJNMB8WMIeqoBtasn1z/FfWaRGyLr8HNyCh7HCKu7RM0CDJ0soABBtauvRZW235nIis01RFgCnGHt37VGA==",
      "dependencies": {
        "trans-render": "0.0.445",
        "xtal-element": "0.0.459"
      }
    },
    "node_modules/trans-render": {
      "version": "0.0.445",
      "resolved": "https://registry.npmjs.org/trans-render/-/trans-render-0.0.445.tgz",
      "integrity": "sha512-3gQjEGlogRKPGa9tLdZr362QihsCmn51IPrFB1AoGhPpgFAOufMEXSV76CaTdqOFUGuUCKjJOvGZ/oTjCZ1DWA=="
    },
    "node_modules/xtal-element": {
      "version": "0.0.459",
      "resolved": "https://registry.npmjs.org/xtal-element/-/xtal-element-0.0.459.tgz",
      "integrity": "sha512-REwiTfCv1zeDKvhnOsAGkHC4Y7sjdEQFvcdMFwjiAEdvkQEVngm/y61gl0HX6ciIut3NODtvTnS6TH6d5rijzQ==",
      "dependencies": {
        "trans-render": "0.0.445"
      }
    }
  },
  "dependencies": {
    "be-decorated": {
      "version": "0.0.62",
      "resolved": "https://registry.npmjs.org/be-decorated/-/be-decorated-0.0.62.tgz",
      "integrity": "sha512-ZM8+RJNMB8WMIeqoBtasn1z/FfWaRGyLr8HNyCh7HCKu7RM0CDJ0soABBtauvRZW235nIis01RFgCnGHt37VGA==",
      "requires": {
        "trans-render": "0.0.445",
        "xtal-element": "0.0.459"
      }
    },
    "trans-render": {
      "version": "0.0.445",
      "resolved": "https://registry.npmjs.org/trans-render/-/trans-render-0.0.445.tgz",
      "integrity": "sha512-3gQjEGlogRKPGa9tLdZr362QihsCmn51IPrFB1AoGhPpgFAOufMEXSV76CaTdqOFUGuUCKjJOvGZ/oTjCZ1DWA=="
    },
    "xtal-element": {
      "version": "0.0.459",
      "resolved": "https://registry.npmjs.org/xtal-element/-/xtal-element-0.0.459.tgz",
      "integrity": "sha512-REwiTfCv1zeDKvhnOsAGkHC4Y7sjdEQFvcdMFwjiAEdvkQEVngm/y61gl0HX6ciIut3NODtvTnS6TH6d5rijzQ==",
      "requires": {
        "trans-render": "0.0.445"
      }
    }
  }
}
